
Microsoft Visual Studio Solution File, Format Version 12.00
# Visual Studio Version 16
VisualStudioVersion = 16.0.31702.278
MinimumVisualStudioVersion = 10.0.40219.1
Project("{9A19103F-16F7-4668-BE54-9A1E7A4F7556}") = "Verbose", "Verbose\Verbose.csproj", "{9F629F7A-E299-419C-AAFB-98475E07FF5F}"
EndProject
Project("{9A19103F-16F7-4668-BE54-9A1E7A4F7556}") = "VerboseTests", "VerboseTests\VerboseTests.csproj", "{66FB7D49-1726-4E86-8F28-D8AEA6289D9D}"
EndProject
Project("{2150E333-8FDC-42A3-9474-1A3956D46DE8}") = "Solution Items", "Solution Items", "{8BA2AC48-CA84-4740-9FB8-6AE07CCCC16A}"
	ProjectSection(SolutionItems) = preProject
		.gitignore = .gitignore
		README.md = README.md
	EndProjectSection
EndProject
Global
	GlobalSection(SolutionConfigurationPlatforms) = preSolution
		Debug|Any CPU = Debug|Any CPU
		Release|Any CPU = Release|Any CPU
	EndGlobalSection
	GlobalSection(ProjectConfigurationPlatforms) = postSolution
		{9F629F7A-E299-419C-AAFB-98475E07FF5F}.Debug|Any CPU.ActiveCfg = Debug|Any CPU
		{9F629F7A-E299-419C-AAFB-98475E07FF5F}.Debug|Any CPU.Build.0 = Debug|Any CPU
		{9F629F7A-E299-419C-AAFB-98475E07FF5F}.Release|Any CPU.ActiveCfg = Release|Any CPU
		{9F629F7A-E299-419C-AAFB-98475E07FF5F}.Release|Any CPU.Build.0 = Release|Any CPU
		{66FB7D49-1726-4E86-8F28-D8AEA6289D9D}.Debug|Any CPU.ActiveCfg = Debug|Any CPU
		{66FB7D49-1726-4E86-8F28-D8AEA6289D9D}.Debug|Any CPU.Build.0 = Debug|Any CPU
		{66FB7D49-1726-4E86-8F28-D8AEA6289D9D}.Release|Any CPU.ActiveCfg = Release|Any CPU
		{66FB7D49-1726-4E86-8F28-D8AEA6289D9D}.Release|Any CPU.Build.0 = Release|Any CPU
	EndGlobalSection
	GlobalSection(SolutionProperties) = preSolution
		HideSolutionNode = FALSE
	EndGlobalSection
	GlobalSection(ExtensibilityGlobals) = postSolution
		SolutionGuid = {BF9F5CA7-6C01-4567-B774-69351A7217CD}
	EndGlobalSection
EndGlobal
